// !$*UTF8*$!
{
	archiveVersion = 1;
	classes = {
	};
	objectVersion = 50;
	objects = {

/* Begin PBXBuildFile section */
		B3665B692091FF0200EB6A4F /* AppDelegate.swift in Sources */ = {isa = PBXBuildFile; fileRef = B3665B682091FF0200EB6A4F /* AppDelegate.swift */; };
		B3665B6E2091FF0200EB6A4F /* Main.storyboard in Resources */ = {isa = PBXBuildFile; fileRef = B3665B6C2091FF0200EB6A4F /* Main.storyboard */; };
		B3665B712091FF0200EB6A4F /* foodApp.xcdatamodeld in Sources */ = {isa = PBXBuildFile; fileRef = B3665B6F2091FF0200EB6A4F /* foodApp.xcdatamodeld */; };
		B3665B732091FF0300EB6A4F /* Assets.xcassets in Resources */ = {isa = PBXBuildFile; fileRef = B3665B722091FF0300EB6A4F /* Assets.xcassets */; };
		B3665B762091FF0300EB6A4F /* LaunchScreen.storyboard in Resources */ = {isa = PBXBuildFile; fileRef = B3665B742091FF0300EB6A4F /* LaunchScreen.storyboard */; };
		B3665B7E2091FFF900EB6A4F /* MainCollectionViewController.swift in Sources */ = {isa = PBXBuildFile; fileRef = B3665B7D2091FFF900EB6A4F /* MainCollectionViewController.swift */; };
		B3665B82209204A000EB6A4F /* CuisineCollectionViewCell.swift in Sources */ = {isa = PBXBuildFile; fileRef = B3665B81209204A000EB6A4F /* CuisineCollectionViewCell.swift */; };
		B3665B8C20920B2D00EB6A4F /* meks4.jpg in Resources */ = {isa = PBXBuildFile; fileRef = B3665B8620920B2C00EB6A4F /* meks4.jpg */; };
		B3665B8D20920B2D00EB6A4F /* meks5.jpg in Resources */ = {isa = PBXBuildFile; fileRef = B3665B8720920B2C00EB6A4F /* meks5.jpg */; };
		B3665B8E20920B2D00EB6A4F /* meks1.jpg in Resources */ = {isa = PBXBuildFile; fileRef = B3665B8820920B2C00EB6A4F /* meks1.jpg */; };
		B3665B8F20920B2D00EB6A4F /* meks3.jpg in Resources */ = {isa = PBXBuildFile; fileRef = B3665B8920920B2C00EB6A4F /* meks3.jpg */; };
		B3665B9020920B2D00EB6A4F /* meks2.jpg in Resources */ = {isa = PBXBuildFile; fileRef = B3665B8A20920B2C00EB6A4F /* meks2.jpg */; };
		B3665B9120920B2D00EB6A4F /* meks6.jpg in Resources */ = {isa = PBXBuildFile; fileRef = B3665B8B20920B2C00EB6A4F /* meks6.jpg */; };
		B3665B9320920D9B00EB6A4F /* meksLogo.png in Resources */ = {isa = PBXBuildFile; fileRef = B3665B9220920D9B00EB6A4F /* meksLogo.png */; };
/* End PBXBuildFile section */

/* Begin PBXFileReference section */
		B3665B652091FF0100EB6A4F /* foodApp.app */ = {isa = PBXFileReference; explicitFileType = wrapper.application; includeInIndex = 0; path = foodApp.app; sourceTree = BUILT_PRODUCTS_DIR; };
		B3665B682091FF0200EB6A4F /* AppDelegate.swift */ = {isa = PBXFileReference; lastKnownFileType = sourcecode.swift; path = AppDelegate.swift; sourceTree = "<group>"; };
		B3665B6D2091FF0200EB6A4F /* Base */ = {isa = PBXFileReference; lastKnownFileType = file.storyboard; name = Base; path = Base.lproj/Main.storyboard; sourceTree = "<group>"; };
		B3665B702091FF0200EB6A4F /* foodApp.xcdatamodel */ = {isa = PBXFileReference; lastKnownFileType = wrapper.xcdatamodel; path = foodApp.xcdatamodel; sourceTree = "<group>"; };
		B3665B722091FF0300EB6A4F /* Assets.xcassets */ = {isa = PBXFileReference; lastKnownFileType = folder.assetcatalog; path = Assets.xcassets; sourceTree = "<group>"; };
		B3665B752091FF0300EB6A4F /* Base */ = {isa = PBXFileReference; lastKnownFileType = file.storyboard; name = Base; path = Base.lproj/LaunchScreen.storyboard; sourceTree = "<group>"; };
		B3665B772091FF0300EB6A4F /* Info.plist */ = {isa = PBXFileReference; lastKnownFileType = text.plist.xml; path = Info.plist; sourceTree = "<group>"; };
		B3665B7D2091FFF900EB6A4F /* MainCollectionViewController.swift */ = {isa = PBXFileReference; lastKnownFileType = sourcecode.swift; path = MainCollectionViewController.swift; sourceTree = "<group>"; };
		B3665B81209204A000EB6A4F /* CuisineCollectionViewCell.swift */ = {isa = PBXFileReference; lastKnownFileType = sourcecode.swift; path = CuisineCollectionViewCell.swift; sourceTree = "<group>"; };
		B3665B8620920B2C00EB6A4F /* meks4.jpg */ = {isa = PBXFileReference; lastKnownFileType = image.jpeg; path = meks4.jpg; sourceTree = "<group>"; };
		B3665B8720920B2C00EB6A4F /* meks5.jpg */ = {isa = PBXFileReference; lastKnownFileType = image.jpeg; path = meks5.jpg; sourceTree = "<group>"; };
		B3665B8820920B2C00EB6A4F /* meks1.jpg */ = {isa = PBXFileReference; lastKnownFileType = image.jpeg; path = meks1.jpg; sourceTree = "<group>"; };
		B3665B8920920B2C00EB6A4F /* meks3.jpg */ = {isa = PBXFileReference; lastKnownFileType = image.jpeg; path = meks3.jpg; sourceTree = "<group>"; };
		B3665B8A20920B2C00EB6A4F /* meks2.jpg */ = {isa = PBXFileReference; lastKnownFileType = image.jpeg; path = meks2.jpg; sourceTree = "<group>"; };
		B3665B8B20920B2C00EB6A4F /* meks6.jpg */ = {isa = PBXFileReference; lastKnownFileType = image.jpeg; path = meks6.jpg; sourceTree = "<group>"; };
		B3665B9220920D9B00EB6A4F /* meksLogo.png */ = {isa = PBXFileReference; lastKnownFileType = image.png; path = meksLogo.png; sourceTree = "<group>"; };
/* End PBXFileReference section */

/* Begin PBXFrameworksBuildPhase section */
		B3665B622091FF0100EB6A4F /* Frameworks */ = {
			isa = PBXFrameworksBuildPhase;
			buildActionMask = 2147483647;
			files = (
			);
			runOnlyForDeploymentPostprocessing = 0;
		};
/* End PBXFrameworksBuildPhase section */

/* Begin PBXGroup section */
		B3665B5C2091FF0100EB6A4F = {
			isa = PBXGroup;
			children = (
				B3665B672091FF0100EB6A4F /* foodApp */,
				B3665B662091FF0100EB6A4F /* Products */,
			);
			sourceTree = "<group>";
		};
		B3665B662091FF0100EB6A4F /* Products */ = {
			isa = PBXGroup;
			children = (
				B3665B652091FF0100EB6A4F /* foodApp.app */,
			);
			name = Products;
			sourceTree = "<group>";
		};
		B3665B672091FF0100EB6A4F /* foodApp */ = {
			isa = PBXGroup;
			children = (
				B3665B682091FF0200EB6A4F /* AppDelegate.swift */,
				B3665B7D2091FFF900EB6A4F /* MainCollectionViewController.swift */,
				B3665B81209204A000EB6A4F /* CuisineCollectionViewCell.swift */,
				B3665B6C2091FF0200EB6A4F /* Main.storyboard */,
				B3665B722091FF0300EB6A4F /* Assets.xcassets */,
				B3665B742091FF0300EB6A4F /* LaunchScreen.storyboard */,
				B3665B772091FF0300EB6A4F /* Info.plist */,
				B3665B8520920B1100EB6A4F /* meks */,
				B3665B6F2091FF0200EB6A4F /* foodApp.xcdatamodeld */,
			);
			path = foodApp;
			sourceTree = "<group>";
		};
		B3665B8520920B1100EB6A4F /* meks */ = {
			isa = PBXGroup;
			children = (
				B3665B9220920D9B00EB6A4F /* meksLogo.png */,
				B3665B8A20920B2C00EB6A4F /* meks2.jpg */,
				B3665B8820920B2C00EB6A4F /* meks1.jpg */,
				B3665B8920920B2C00EB6A4F /* meks3.jpg */,
				B3665B8620920B2C00EB6A4F /* meks4.jpg */,
				B3665B8720920B2C00EB6A4F /* meks5.jpg */,
				B3665B8B20920B2C00EB6A4F /* meks6.jpg */,
			);
			path = meks;
			sourceTree = "<group>";
		};
/* End PBXGroup section */

/* Begin PBXNativeTarget section */
		B3665B642091FF0100EB6A4F /* foodApp */ = {
			isa = PBXNativeTarget;
			buildConfigurationList = B3665B7A2091FF0300EB6A4F /* Build configuration list for PBXNativeTarget "foodApp" */;
			buildPhases = (
				B3665B612091FF0100EB6A4F /* Sources */,
				B3665B622091FF0100EB6A4F /* Frameworks */,
				B3665B632091FF0100EB6A4F /* Resources */,
			);
			buildRules = (
			);
			dependencies = (
			);
			name = foodApp;
			productName = foodApp;
			productReference = B3665B652091FF0100EB6A4F /* foodApp.app */;
			productType = "com.apple.product-type.application";
		};
/* End PBXNativeTarget section */

/* Begin PBXProject section */
		B3665B5D2091FF0100EB6A4F /* Project object */ = {
			isa = PBXProject;
			attributes = {
				LastSwiftUpdateCheck = 0930;
				LastUpgradeCheck = 0930;
				ORGANIZATIONNAME = Matejczyk;
				TargetAttributes = {
					B3665B642091FF0100EB6A4F = {
						CreatedOnToolsVersion = 9.3;
					};
				};
			};
			buildConfigurationList = B3665B602091FF0100EB6A4F /* Build configuration list for PBXProject "foodApp" */;
			compatibilityVersion = "Xcode 9.3";
			developmentRegion = en;
			hasScannedForEncodings = 0;
			knownRegions = (
				en,
				Base,
			);
			mainGroup = B3665B5C2091FF0100EB6A4F;
			productRefGroup = B3665B662091FF0100EB6A4F /* Products */;
			projectDirPath = "";
			projectRoot = "";
			targets = (
				B3665B642091FF0100EB6A4F /* foodApp */,
			);
		};
/* End PBXProject section */

/* Begin PBXResourcesBuildPhase section */
		B3665B632091FF0100EB6A4F /* Resources */ = {
			isa = PBXResourcesBuildPhase;
			buildActionMask = 2147483647;
			files = (
				B3665B9120920B2D00EB6A4F /* meks6.jpg in Resources */,
				B3665B8C20920B2D00EB6A4F /* meks4.jpg in Resources */,
				B3665B762091FF0300EB6A4F /* LaunchScreen.storyboard in Resources */,
				B3665B9020920B2D00EB6A4F /* meks2.jpg in Resources */,
				B3665B9320920D9B00EB6A4F /* meksLogo.png in Resources */,
				B3665B732091FF0300EB6A4F /* Assets.xcassets in Resources */,
				B3665B8E20920B2D00EB6A4F /* meks1.jpg in Resources */,
				B3665B8F20920B2D00EB6A4F /* meks3.jpg in Resources */,
				B3665B8D20920B2D00EB6A4F /* meks5.jpg in Resources */,
				B3665B6E2091FF0200EB6A4F /* Main.storyboard in Resources */,
			);
			runOnlyForDeploymentPostprocessing = 0;
		};
/* End PBXResourcesBuildPhase section */

/* Begin PBXSourcesBuildPhase section */
		B3665B612091FF0100EB6A4F /* Sources */ = {
			isa = PBXSourcesBuildPhase;
			buildActionMask = 2147483647;
			files = (
				B3665B692091FF0200EB6A4F /* AppDelegate.swift in Sources */,
				B3665B82209204A000EB6A4F /* CuisineCollectionViewCell.swift in Sources */,
				B3665B7E2091FFF900EB6A4F /* MainCollectionViewController.swift in Sources */,
				B3665B712091FF0200EB6A4F /* foodApp.xcdatamodeld in Sources */,
			);
			runOnlyForDeploymentPostprocessing = 0;
		};
/* End PBXSourcesBuildPhase section */

/* Begin PBXVariantGroup section */
		B3665B6C2091FF0200EB6A4F /* Main.storyboard */ = {
			isa = PBXVariantGroup;
			children = (
				B3665B6D2091FF0200EB6A4F /* Base */,
			);
			name = Main.storyboard;
			sourceTree = "<group>";
		};
		B3665B742091FF0300EB6A4F /* LaunchScreen.storyboard */ = {
			isa = PBXVariantGroup;
			children = (
				B3665B752091FF0300EB6A4F /* Base */,
			);
			name = LaunchScreen.storyboard;
			sourceTree = "<group>";
		};
/* End PBXVariantGroup section */

/* Begin XCBuildConfiguration section */
		B3665B782091FF0300EB6A4F /* Debug */ = {
			isa = XCBuildConfiguration;
			buildSettings = {
				ALWAYS_SEARCH_USER_PATHS = NO;
				CLANG_ANALYZER_NONNULL = YES;
				CLANG_ANALYZER_NUMBER_OBJECT_CONVERSION = YES_AGGRESSIVE;
				CLANG_CXX_LANGUAGE_STANDARD = "gnu++14";
				CLANG_CXX_LIBRARY = "libc++";
				CLANG_ENABLE_MODULES = YES;
				CLANG_ENABLE_OBJC_ARC = YES;
				CLANG_ENABLE_OBJC_WEAK = YES;
				CLANG_WARN_BLOCK_CAPTURE_AUTORELEASING = YES;
				CLANG_WARN_BOOL_CONVERSION = YES;
				CLANG_WARN_COMMA = YES;
				CLANG_WARN_CONSTANT_CONVERSION = YES;
				CLANG_WARN_DEPRECATED_OBJC_IMPLEMENTATIONS = YES;
				CLANG_WARN_DIRECT_OBJC_ISA_USAGE = YES_ERROR;
				CLANG_WARN_DOCUMENTATION_COMMENTS = YES;
				CLANG_WARN_EMPTY_BODY = YES;
				CLANG_WARN_ENUM_CONVERSION = YES;
				CLANG_WARN_INFINITE_RECURSION = YES;
				CLANG_WARN_INT_CONVERSION = YES;
				CLANG_WARN_NON_LITERAL_NULL_CONVERSION = YES;
				CLANG_WARN_OBJC_IMPLICIT_RETAIN_SELF = YES;
				CLANG_WARN_OBJC_LITERAL_CONVERSION = YES;
				CLANG_WARN_OBJC_ROOT_CLASS = YES_ERROR;
				CLANG_WARN_RANGE_LOOP_ANALYSIS = YES;
				CLANG_WARN_STRICT_PROTOTYPES = YES;
				CLANG_WARN_SUSPICIOUS_MOVE = YES;
				CLANG_WARN_UNGUARDED_AVAILABILITY = YES_AGGRESSIVE;
				CLANG_WARN_UNREACHABLE_CODE = YES;
				CLANG_WARN__DUPLICATE_METHOD_MATCH = YES;
				CODE_SIGN_IDENTITY = "iPhone Developer";
				COPY_PHASE_STRIP = NO;
				DEBUG_INFORMATION_FORMAT = dwarf;
				ENABLE_STRICT_OBJC_MSGSEND = YES;
				ENABLE_TESTABILITY = YES;
				GCC_C_LANGUAGE_STANDARD = gnu11;
				GCC_DYNAMIC_NO_PIC = NO;
				GCC_NO_COMMON_BLOCKS = YES;
				GCC_OPTIMIZATION_LEVEL = 0;
				GCC_PREPROCESSOR_DEFINITIONS = (
					"DEBUG=1",
					"$(inherited)",
				);
				GCC_WARN_64_TO_32_BIT_CONVERSION = YES;
				GCC_WARN_ABOUT_RETURN_TYPE = YES_ERROR;
				GCC_WARN_UNDECLARED_SELECTOR = YES;
				GCC_WARN_UNINITIALIZED_AUTOS = YES_AGGRESSIVE;
				GCC_WARN_UNUSED_FUNCTION = YES;
				GCC_WARN_UNUSED_VARIABLE = YES;
				IPHONEOS_DEPLOYMENT_TARGET = 11.3;
				MTL_ENABLE_DEBUG_INFO = YES;
				ONLY_ACTIVE_ARCH = YES;
				SDKROOT = iphoneos;
				SWIFT_ACTIVE_COMPILATION_CONDITIONS = DEBUG;
				SWIFT_OPTIMIZATION_LEVEL = "-Onone";
			};
			name = Debug;
		};
		B3665B792091FF0300EB6A4F /* Release */ = {
			isa = XCBuildConfiguration;
			buildSettings = {
				ALWAYS_SEARCH_USER_PATHS = NO;
				CLANG_ANALYZER_NONNULL = YES;
				CLANG_ANALYZER_NUMBER_OBJECT_CONVERSION = YES_AGGRESSIVE;
				CLANG_CXX_LANGUAGE_STANDARD = "gnu++14";
				CLANG_CXX_LIBRARY = "libc++";
				CLANG_ENABLE_MODULES = YES;
				CLANG_ENABLE_OBJC_ARC = YES;
				CLANG_ENABLE_OBJC_WEAK = YES;
				CLANG_WARN_BLOCK_CAPTURE_AUTORELEASING = YES;
				CLANG_WARN_BOOL_CONVERSION = YES;
				CLANG_WARN_COMMA = YES;
				CLANG_WARN_CONSTANT_CONVERSION = YES;
				CLANG_WARN_DEPRECATED_OBJC_IMPLEMENTATIONS = YES;
				CLANG_WARN_DIRECT_OBJC_ISA_USAGE = YES_ERROR;
				CLANG_WARN_DOCUMENTATION_COMMENTS = YES;
				CLANG_WARN_EMPTY_BODY = YES;
				CLANG_WARN_ENUM_CONVERSION = YES;
				CLANG_WARN_INFINITE_RECURSION = YES;
				CLANG_WARN_INT_CONVERSION = YES;
				CLANG_WARN_NON_LITERAL_NULL_CONVERSION = YES;
				CLANG_WARN_OBJC_IMPLICIT_RETAIN_SELF = YES;
				CLANG_WARN_OBJC_LITERAL_CONVERSION = YES;
				CLANG_WARN_OBJC_ROOT_CLASS = YES_ERROR;
				CLANG_WARN_RANGE_LOOP_ANALYSIS = YES;
				CLANG_WARN_STRICT_PROTOTYPES = YES;
				CLANG_WARN_SUSPICIOUS_MOVE = YES;
				CLANG_WARN_UNGUARDED_AVAILABILITY = YES_AGGRESSIVE;
				CLANG_WARN_UNREACHABLE_CODE = YES;
				CLANG_WARN__DUPLICATE_METHOD_MATCH = YES;
				CODE_SIGN_IDENTITY = "iPhone Developer";
				COPY_PHASE_STRIP = NO;
				DEBUG_INFORMATION_FORMAT = "dwarf-with-dsym";
				ENABLE_NS_ASSERTIONS = NO;
				ENABLE_STRICT_OBJC_MSGSEND = YES;
				GCC_C_LANGUAGE_STANDARD = gnu11;
				GCC_NO_COMMON_BLOCKS = YES;
				GCC_WARN_64_TO_32_BIT_CONVERSION = YES;
				GCC_WARN_ABOUT_RETURN_TYPE = YES_ERROR;
				GCC_WARN_UNDECLARED_SELECTOR = YES;
				GCC_WARN_UNINITIALIZED_AUTOS = YES_AGGRESSIVE;
				GCC_WARN_UNUSED_FUNCTION = YES;
				GCC_WARN_UNUSED_VARIABLE = YES;
				IPHONEOS_DEPLOYMENT_TARGET = 11.3;
				MTL_ENABLE_DEBUG_INFO = NO;
				SDKROOT = iphoneos;
				SWIFT_COMPILATION_MODE = wholemodule;
				SWIFT_OPTIMIZATION_LEVEL = "-O";
				VALIDATE_PRODUCT = YES;
			};
			name = Release;
		};
		B3665B7B2091FF0300EB6A4F /* Debug */ = {
			isa = XCBuildConfiguration;
			buildSettings = {
				ASSETCATALOG_COMPILER_APPICON_NAME = AppIcon;
				CODE_SIGN_STYLE = Automatic;
				DEVELOPMENT_TEAM = 8A9F9TMHD3;
				INFOPLIST_FILE = foodApp/Info.plist;
				LD_RUNPATH_SEARCH_PATHS = (
					"$(inherited)",
					"@executable_path/Frameworks",
				);
				PRODUCT_BUNDLE_IDENTIFIER = Matejczyk.foodApp;
				PRODUCT_NAME = "$(TARGET_NAME)";
				SWIFT_VERSION = 4.0;
				TARGETED_DEVICE_FAMILY = "1,2";
			};
			name = Debug;
		};
		B3665B7C2091FF0300EB6A4F /* Release */ = {
			isa = XCBuildConfiguration;
			buildSettings = {
				ASSETCATALOG_COMPILER_APPICON_NAME = AppIcon;
				CODE_SIGN_STYLE = Automatic;
				DEVELOPMENT_TEAM = 8A9F9TMHD3;
				INFOPLIST_FILE = foodApp/Info.plist;
				LD_RUNPATH_SEARCH_PATHS = (
					"$(inherited)",
					"@executable_path/Frameworks",
				);
				PRODUCT_BUNDLE_IDENTIFIER = Matejczyk.foodApp;
				PRODUCT_NAME = "$(TARGET_NAME)";
				SWIFT_VERSION = 4.0;
				TARGETED_DEVICE_FAMILY = "1,2";
			};
			name = Release;
		};
/* End XCBuildConfiguration section */

/* Begin XCConfigurationList section */
		B3665B602091FF0100EB6A4F /* Build configuration list for PBXProject "foodApp" */ = {
			isa = XCConfigurationList;
			buildConfigurations = (
				B3665B782091FF0300EB6A4F /* Debug */,
				B3665B792091FF0300EB6A4F /* Release */,
			);
			defaultConfigurationIsVisible = 0;
			defaultConfigurationName = Release;
		};
		B3665B7A2091FF0300EB6A4F /* Build configuration list for PBXNativeTarget "foodApp" */ = {
			isa = XCConfigurationList;
			buildConfigurations = (
				B3665B7B2091FF0300EB6A4F /* Debug */,
				B3665B7C2091FF0300EB6A4F /* Release */,
			);
			defaultConfigurationIsVisible = 0;
			defaultConfigurationName = Release;
		};
/* End XCConfigurationList section */

/* Begin XCVersionGroup section */
		B3665B6F2091FF0200EB6A4F /* foodApp.xcdatamodeld */ = {
			isa = XCVersionGroup;
			children = (
				B3665B702091FF0200EB6A4F /* foodApp.xcdatamodel */,
			);
			currentVersion = B3665B702091FF0200EB6A4F /* foodApp.xcdatamodel */;
			path = foodApp.xcdatamodeld;
			sourceTree = "<group>";
			versionGroupType = wrapper.xcdatamodel;
		};
/* End XCVersionGroup section */
	};
	rootObject = B3665B5D2091FF0100EB6A4F /* Project object */;
}
